PODS:
  - JMCiBeaconManager (0.1.5)

DEPENDENCIES:
  - JMCiBeaconManager (from `https://github.com/appzzman/JMCBeaconManager.git`, tag `0.1.6`)

EXTERNAL SOURCES:
  JMCiBeaconManager:
    :git: https://github.com/appzzman/JMCBeaconManager.git
    :tag: 0.1.6

CHECKOUT OPTIONS:
  JMCiBeaconManager:
    :git: https://github.com/appzzman/JMCBeaconManager.git
    :tag: 0.1.6

SPEC CHECKSUMS:
  JMCiBeaconManager: c3c1281841cb75c378be14e6f2d7c8c8cdb9afaf

PODFILE CHECKSUM: 5272d1a6a079754e6e0c864384d072b00d581847

COCOAPODS: 1.0.0
